
Microsoft Visual Studio Solution File, Format Version 12.00
# Visual Studio Version 17
VisualStudioVersion = 17.6.33723.286
MinimumVisualStudioVersion = 10.0.40219.1
Project("{FAE04EC0-301F-11D3-BF4B-00C04F79EFBC}") = "ScratchTest", "ScratchTest\ScratchTest.csproj", "{70A1FD38-6572-414D-8CD9-C8F17ADE221B}"
EndProject
Project("{9A19103F-16F7-4668-BE54-9A1E7A4F7556}") = "MDDFoundation", "..\..\Standard\MDDFoundation\MDDFoundation.csproj", "{546CF1B0-B4B6-4985-AA0D-B92D86F9942A}"
EndProject
Project("{9A19103F-16F7-4668-BE54-9A1E7A4F7556}") = "DBEngine", "..\..\Standard\DBEngine\DBEngine.csproj", "{B4E41FA3-D3C7-45DC-B870-C35992A88400}"
EndProject
Project("{FAE04EC0-301F-11D3-BF4B-00C04F79EFBC}") = "MDDWinForms", "..\..\Common\MDDWinForms\MDDWinForms.csproj", "{AB290871-534F-4F52-8D0E-66868E22FF9F}"
EndProject
Project("{FAE04EC0-301F-11D3-BF4B-00C04F79EFBC}") = "FormsDataAccess", "..\..\Common\FormsDataAccess\FormsDataAccess.csproj", "{1AEBF0E2-6464-4B56-9E70-2AAA146CC502}"
EndProject
Global
	GlobalSection(SolutionConfigurationPlatforms) = preSolution
		Debug|Any CPU = Debug|Any CPU
		Release|Any CPU = Release|Any CPU
	EndGlobalSection
	GlobalSection(ProjectConfigurationPlatforms) = postSolution
		{70A1FD38-6572-414D-8CD9-C8F17ADE221B}.Debug|Any CPU.ActiveCfg = Debug|Any CPU
		{70A1FD38-6572-414D-8CD9-C8F17ADE221B}.Debug|Any CPU.Build.0 = Debug|Any CPU
		{70A1FD38-6572-414D-8CD9-C8F17ADE221B}.Release|Any CPU.ActiveCfg = Release|Any CPU
		{70A1FD38-6572-414D-8CD9-C8F17ADE221B}.Release|Any CPU.Build.0 = Release|Any CPU
		{546CF1B0-B4B6-4985-AA0D-B92D86F9942A}.Debug|Any CPU.ActiveCfg = Debug|Any CPU
		{546CF1B0-B4B6-4985-AA0D-B92D86F9942A}.Debug|Any CPU.Build.0 = Debug|Any CPU
		{546CF1B0-B4B6-4985-AA0D-B92D86F9942A}.Release|Any CPU.ActiveCfg = Release|Any CPU
		{546CF1B0-B4B6-4985-AA0D-B92D86F9942A}.Release|Any CPU.Build.0 = Release|Any CPU
		{B4E41FA3-D3C7-45DC-B870-C35992A88400}.Debug|Any CPU.ActiveCfg = Debug|Any CPU
		{B4E41FA3-D3C7-45DC-B870-C35992A88400}.Debug|Any CPU.Build.0 = Debug|Any CPU
		{B4E41FA3-D3C7-45DC-B870-C35992A88400}.Release|Any CPU.ActiveCfg = Release|Any CPU
		{B4E41FA3-D3C7-45DC-B870-C35992A88400}.Release|Any CPU.Build.0 = Release|Any CPU
		{AB290871-534F-4F52-8D0E-66868E22FF9F}.Debug|Any CPU.ActiveCfg = Debug|Any CPU
		{AB290871-534F-4F52-8D0E-66868E22FF9F}.Debug|Any CPU.Build.0 = Debug|Any CPU
		{AB290871-534F-4F52-8D0E-66868E22FF9F}.Release|Any CPU.ActiveCfg = Release|Any CPU
		{AB290871-534F-4F52-8D0E-66868E22FF9F}.Release|Any CPU.Build.0 = Release|Any CPU
		{1AEBF0E2-6464-4B56-9E70-2AAA146CC502}.Debug|Any CPU.ActiveCfg = Debug|Any CPU
		{1AEBF0E2-6464-4B56-9E70-2AAA146CC502}.Debug|Any CPU.Build.0 = Debug|Any CPU
		{1AEBF0E2-6464-4B56-9E70-2AAA146CC502}.Release|Any CPU.ActiveCfg = Release|Any CPU
		{1AEBF0E2-6464-4B56-9E70-2AAA146CC502}.Release|Any CPU.Build.0 = Release|Any CPU
	EndGlobalSection
	GlobalSection(SolutionProperties) = preSolution
		HideSolutionNode = FALSE
	EndGlobalSection
	GlobalSection(ExtensibilityGlobals) = postSolution
		SolutionGuid = {CA1B97EA-CC26-41CE-8EE1-086DB4150BBD}
	EndGlobalSection
EndGlobal
